
Microsoft Visual Studio Solution File, Format Version 12.00
# Visual Studio Version 17
VisualStudioVersion = 17.5.33516.290
MinimumVisualStudioVersion = 10.0.40219.1
Project("{FAE04EC0-301F-11D3-BF4B-00C04F79EFBC}") = "proyecto7", "proyecto7.csproj", "{C360A6AD-0C69-4CC9-B1D1-CAF2BD1F9052}"
EndProject
Global
	GlobalSection(SolutionConfigurationPlatforms) = preSolution
		Debug|Any CPU = Debug|Any CPU
		Release|Any CPU = Release|Any CPU
	EndGlobalSection
	GlobalSection(ProjectConfigurationPlatforms) = postSolution
		{C360A6AD-0C69-4CC9-B1D1-CAF2BD1F9052}.Debug|Any CPU.ActiveCfg = Debug|Any CPU
		{C360A6AD-0C69-4CC9-B1D1-CAF2BD1F9052}.Debug|Any CPU.Build.0 = Debug|Any CPU
		{C360A6AD-0C69-4CC9-B1D1-CAF2BD1F9052}.Release|Any CPU.ActiveCfg = Release|Any CPU
		{C360A6AD-0C69-4CC9-B1D1-CAF2BD1F9052}.Release|Any CPU.Build.0 = Release|Any CPU
	EndGlobalSection
	GlobalSection(SolutionProperties) = preSolution
		HideSolutionNode = FALSE
	EndGlobalSection
	GlobalSection(ExtensibilityGlobals) = postSolution
		SolutionGuid = {41032A8E-04C6-491D-8246-6B0202395EBB}
	EndGlobalSection
EndGlobal
