
Microsoft Visual Studio Solution File, Format Version 12.00
# Visual Studio Version 17
VisualStudioVersion = 17.5.33516.290
MinimumVisualStudioVersion = 10.0.40219.1
Project("{FAE04EC0-301F-11D3-BF4B-00C04F79EFBC}") = "condition9", "condition9.csproj", "{E32AA24A-2C59-4189-B3B9-3725305ADA3C}"
EndProject
Global
	GlobalSection(SolutionConfigurationPlatforms) = preSolution
		Debug|Any CPU = Debug|Any CPU
		Release|Any CPU = Release|Any CPU
	EndGlobalSection
	GlobalSection(ProjectConfigurationPlatforms) = postSolution
		{E32AA24A-2C59-4189-B3B9-3725305ADA3C}.Debug|Any CPU.ActiveCfg = Debug|Any CPU
		{E32AA24A-2C59-4189-B3B9-3725305ADA3C}.Debug|Any CPU.Build.0 = Debug|Any CPU
		{E32AA24A-2C59-4189-B3B9-3725305ADA3C}.Release|Any CPU.ActiveCfg = Release|Any CPU
		{E32AA24A-2C59-4189-B3B9-3725305ADA3C}.Release|Any CPU.Build.0 = Release|Any CPU
	EndGlobalSection
	GlobalSection(SolutionProperties) = preSolution
		HideSolutionNode = FALSE
	EndGlobalSection
	GlobalSection(ExtensibilityGlobals) = postSolution
		SolutionGuid = {E6FAB652-3F0B-42C1-A4A8-8DA1F1633EE3}
	EndGlobalSection
EndGlobal
